
Microsoft Visual Studio Solution File, Format Version 12.00
# Visual Studio Version 17
VisualStudioVersion = 17.11.35312.102
MinimumVisualStudioVersion = 10.0.40219.1
Project("{FAE04EC0-301F-11D3-BF4B-00C04F79EFBC}") = "ProgramingLessons", "ProgramingLessons\ProgramingLessons.csproj", "{000FC15B-957D-497D-8B77-2409934674FB}"
EndProject
Global
	GlobalSection(SolutionConfigurationPlatforms) = preSolution
		Debug|Any CPU = Debug|Any CPU
		Release|Any CPU = Release|Any CPU
	EndGlobalSection
	GlobalSection(ProjectConfigurationPlatforms) = postSolution
		{000FC15B-957D-497D-8B77-2409934674FB}.Debug|Any CPU.ActiveCfg = Debug|Any CPU
		{000FC15B-957D-497D-8B77-2409934674FB}.Debug|Any CPU.Build.0 = Debug|Any CPU
		{000FC15B-957D-497D-8B77-2409934674FB}.Release|Any CPU.ActiveCfg = Release|Any CPU
		{000FC15B-957D-497D-8B77-2409934674FB}.Release|Any CPU.Build.0 = Release|Any CPU
	EndGlobalSection
	GlobalSection(SolutionProperties) = preSolution
		HideSolutionNode = FALSE
	EndGlobalSection
	GlobalSection(ExtensibilityGlobals) = postSolution
		SolutionGuid = {9472BAC1-242B-4A6D-8D1F-E5FE42747478}
	EndGlobalSection
EndGlobal
